<?xml version="1.0" encoding="utf-8"?>
<Project ToolsVersion="4.0" xmlns="http://schemas.microsoft.com/developer/msbuild/2003">
  <ItemGroup>
    <Filter Include="Source Files">
      <UniqueIdentifier>{4FC737F1-C7A5-4376-A066-2A32D752A2FF}</UniqueIdentifier>
      <Extensions>cpp;c;cc;cxx;def;odl;idl;hpj;bat;asm;asmx</Extensions>
    </Filter>
    <Filter Include="Header Files">
      <UniqueIdentifier>{93995380-89BD-4b04-88EB-625FBE52EBFB}</UniqueIdentifier>
      <Extensions>h;hh;hpp;hxx;hm;inl;inc;xsd</Extensions>
    </Filter>
    <Filter Include="Resource Files">
      <UniqueIdentifier>{67DA6AB6-F800-4c08-8B7A-83BB121AAD01}</UniqueIdentifier>
      <Extensions>rc;ico;cur;bmp;dlg;rc2;rct;bin;rgs;gif;jpg;jpeg;jpe;resx;tiff;tif;png;wav;mfcribbon-ms</Extensions>
    </Filter>
    <Filter Include="Header Files\lib">
      <UniqueIdentifier>{5edb0d27-c124-4a12-a814-644432fa32e3}</UniqueIdentifier>
    </Filter>
    <Filter Include="Source Files\lib">
      <UniqueIdentifier>{6df29e27-adb2-482f-88e8-509636d87346}</UniqueIdentifier>
    </Filter>
  </ItemGroup>
  <ItemGroup>
    <ClCompile Include="Basic\Basic.cpp">
      <Filter>Source Files</Filter>
    </ClCompile>
    <ClCompile Include="Basic\evalstate.cpp">
      <Filter>Source Files</Filter>
    </ClCompile>
    <ClCompile Include="Basic\exp.cpp">
      <Filter>Source Files</Filter>
    </ClCompile>
    <ClCompile Include="Basic\parser.cpp">
      <Filter>Source Files</Filter>
    </ClCompile>
    <ClCompile Include="Basic\program.cpp">
      <Filter>Source Files</Filter>
    </ClCompile>
    <ClCompile Include="Basic\statement.cpp">
      <Filter>Source Files</Filter>
    </ClCompile>
    <ClCompile Include="StanfordCPPLib\tokenscanner.cpp">
      <Filter>Source Files\lib</Filter>
    </ClCompile>
    <ClCompile Include="StanfordCPPLib\error.cpp">
      <Filter>Source Files\lib</Filter>
    </ClCompile>
    <ClCompile Include="StanfordCPPLib\lexicon.cpp">
      <Filter>Source Files\lib</Filter>
    </ClCompile>
    <ClCompile Include="StanfordCPPLib\strlib.cpp">
      <Filter>Source Files\lib</Filter>
    </ClCompile>
    <ClCompile Include="StanfordCPPLib\simpio.cpp">
      <Filter>Source Files\lib</Filter>
    </ClCompile>
  </ItemGroup>
  <ItemGroup>
    <ClInclude Include="Basic\evalstate.h">
      <Filter>Header Files</Filter>
    </ClInclude>
    <ClInclude Include="Basic\exp.h">
      <Filter>Header Files</Filter>
    </ClInclude>
    <ClInclude Include="Basic\parser.h">
      <Filter>Header Files</Filter>
    </ClInclude>
    <ClInclude Include="Basic\program.h">
      <Filter>Header Files</Filter>
    </ClInclude>
    <ClInclude Include="Basic\statement.h">
      <Filter>Header Files</Filter>
    </ClInclude>
    <ClInclude Include="StanfordCPPLib\tokenscanner.h">
      <Filter>Header Files\lib</Filter>
    </ClInclude>
    <ClInclude Include="StanfordCPPLib\error.h">
      <Filter>Header Files\lib</Filter>
    </ClInclude>
    <ClInclude Include="StanfordCPPLib\lexicon.h">
      <Filter>Header Files\lib</Filter>
    </ClInclude>
    <ClInclude Include="StanfordCPPLib\strlib.h">
      <Filter>Header Files\lib</Filter>
    </ClInclude>
    <ClInclude Include="StanfordCPPLib\private\tokenpatch.h">
      <Filter>Header Files\lib</Filter>
    </ClInclude>
    <ClInclude Include="StanfordCPPLib\simpio.h">
      <Filter>Header Files\lib</Filter>
    </ClInclude>
    <ClInclude Include="StanfordCPPLib\map.h">
      <Filter>Header Files\lib</Filter>
    </ClInclude>
    <ClInclude Include="StanfordCPPLib\foreach.h">
      <Filter>Header Files\lib</Filter>
    </ClInclude>
    <ClInclude Include="StanfordCPPLib\stack.h">
      <Filter>Header Files\lib</Filter>
    </ClInclude>
    <ClInclude Include="StanfordCPPLib\private\main.h">
      <Filter>Header Files\lib</Filter>
    </ClInclude>
  </ItemGroup>
</Project>